
Microsoft Visual Studio Solution File, Format Version 12.00
# Visual Studio Version 17
VisualStudioVersion = 17.2.32526.322
MinimumVisualStudioVersion = 10.0.40219.1
Project("{9A19103F-16F7-4668-BE54-9A1E7A4F7556}") = "AppNet.Domain", "AppNet.Domain\AppNet.Domain.csproj", "{49128857-C189-49AF-8941-07C8F56A27CC}"
EndProject
Project("{9A19103F-16F7-4668-BE54-9A1E7A4F7556}") = "AppNet.Application", "AppNet.Application\AppNet.Application.csproj", "{16DF1E8D-16ED-44D1-97DD-633B26170A27}"
EndProject
Project("{9A19103F-16F7-4668-BE54-9A1E7A4F7556}") = "AppNet.Infrastructer.Persistence", "AppNet.Infrastructer.Persistence\AppNet.Infrastructer.Persistence.csproj", "{FAD7130D-8500-4C69-A646-5467D1CD4DC6}"
EndProject
Project("{9A19103F-16F7-4668-BE54-9A1E7A4F7556}") = "AppNet.Infrastructer.Logging", "AppNet.Infrastructer.Logging\AppNet.Infrastructer.Logging.csproj", "{FEED2017-393A-47F9-B3A4-6388A55D1165}"
EndProject
Project("{9A19103F-16F7-4668-BE54-9A1E7A4F7556}") = "AppNet.Infrastructer.Notification", "AppNet.Infrastructer.Notification\AppNet.Infrastructer.Notification.csproj", "{43075E22-CFCF-4259-813F-BB8A32795C50}"
EndProject
Project("{9A19103F-16F7-4668-BE54-9A1E7A4F7556}") = "AppNet.WinFormUI", "AppNet.WinFormUI\AppNet.WinFormUI.csproj", "{765C34AA-B499-4861-BE6E-6580041C97EF}"
EndProject
Project("{FAE04EC0-301F-11D3-BF4B-00C04F79EFBC}") = "AppNet.ProductForm", "AppNet.ProductForm\AppNet.ProductForm.csproj", "{2C53316D-7B25-4EE2-8F56-553B8B9AC160}"
EndProject
Project("{FAE04EC0-301F-11D3-BF4B-00C04F79EFBC}") = "AppNet.AddProductForm", "AppNet.AddProductForm\AppNet.AddProductForm.csproj", "{DC4C5B2A-F5B4-41D9-A227-879240A2B0CB}"
EndProject
Project("{FAE04EC0-301F-11D3-BF4B-00C04F79EFBC}") = "AppNet.UpdateProductForm", "AppNet.UpdatedProductForm\AppNet.UpdateProductForm.csproj", "{3690514B-616A-4013-9123-E26175A9AA40}"
EndProject
Project("{FAE04EC0-301F-11D3-BF4B-00C04F79EFBC}") = "AppNet.DeleteProductForm", "AppNet.DeletedProductForm\AppNet.DeleteProductForm.csproj", "{980F82B6-5570-4135-971C-480C3F3B0BFF}"
EndProject
Project("{FAE04EC0-301F-11D3-BF4B-00C04F79EFBC}") = "AppNet.AddCategoryForm", "AppNet.AddCategoryForm\AppNet.AddCategoryForm.csproj", "{0FAE23FE-5A28-4B5D-9C39-473F8C46CBA7}"
EndProject
Project("{FAE04EC0-301F-11D3-BF4B-00C04F79EFBC}") = "AppNet.UpdateCategoryForm", "AppNet.UpdateCategoryForm\AppNet.UpdateCategoryForm.csproj", "{FB38203B-5DD3-481F-B61B-777F14544D54}"
EndProject
Project("{FAE04EC0-301F-11D3-BF4B-00C04F79EFBC}") = "AppNet.DeleteCategoryForm", "AppNet.DeleteCategoryForm\AppNet.DeleteCategoryForm.csproj", "{0A470103-7013-42B2-9062-BB56842580CC}"
EndProject
Global
	GlobalSection(SolutionConfigurationPlatforms) = preSolution
		Debug|Any CPU = Debug|Any CPU
		Release|Any CPU = Release|Any CPU
	EndGlobalSection
	GlobalSection(ProjectConfigurationPlatforms) = postSolution
		{49128857-C189-49AF-8941-07C8F56A27CC}.Debug|Any CPU.ActiveCfg = Debug|Any CPU
		{49128857-C189-49AF-8941-07C8F56A27CC}.Debug|Any CPU.Build.0 = Debug|Any CPU
		{49128857-C189-49AF-8941-07C8F56A27CC}.Release|Any CPU.ActiveCfg = Release|Any CPU
		{49128857-C189-49AF-8941-07C8F56A27CC}.Release|Any CPU.Build.0 = Release|Any CPU
		{16DF1E8D-16ED-44D1-97DD-633B26170A27}.Debug|Any CPU.ActiveCfg = Debug|Any CPU
		{16DF1E8D-16ED-44D1-97DD-633B26170A27}.Debug|Any CPU.Build.0 = Debug|Any CPU
		{16DF1E8D-16ED-44D1-97DD-633B26170A27}.Release|Any CPU.ActiveCfg = Release|Any CPU
		{16DF1E8D-16ED-44D1-97DD-633B26170A27}.Release|Any CPU.Build.0 = Release|Any CPU
		{FAD7130D-8500-4C69-A646-5467D1CD4DC6}.Debug|Any CPU.ActiveCfg = Debug|Any CPU
		{FAD7130D-8500-4C69-A646-5467D1CD4DC6}.Debug|Any CPU.Build.0 = Debug|Any CPU
		{FAD7130D-8500-4C69-A646-5467D1CD4DC6}.Release|Any CPU.ActiveCfg = Release|Any CPU
		{FAD7130D-8500-4C69-A646-5467D1CD4DC6}.Release|Any CPU.Build.0 = Release|Any CPU
		{FEED2017-393A-47F9-B3A4-6388A55D1165}.Debug|Any CPU.ActiveCfg = Debug|Any CPU
		{FEED2017-393A-47F9-B3A4-6388A55D1165}.Debug|Any CPU.Build.0 = Debug|Any CPU
		{FEED2017-393A-47F9-B3A4-6388A55D1165}.Release|Any CPU.ActiveCfg = Release|Any CPU
		{FEED2017-393A-47F9-B3A4-6388A55D1165}.Release|Any CPU.Build.0 = Release|Any CPU
		{43075E22-CFCF-4259-813F-BB8A32795C50}.Debug|Any CPU.ActiveCfg = Debug|Any CPU
		{43075E22-CFCF-4259-813F-BB8A32795C50}.Debug|Any CPU.Build.0 = Debug|Any CPU
		{43075E22-CFCF-4259-813F-BB8A32795C50}.Release|Any CPU.ActiveCfg = Release|Any CPU
		{43075E22-CFCF-4259-813F-BB8A32795C50}.Release|Any CPU.Build.0 = Release|Any CPU
		{765C34AA-B499-4861-BE6E-6580041C97EF}.Debug|Any CPU.ActiveCfg = Debug|Any CPU
		{765C34AA-B499-4861-BE6E-6580041C97EF}.Debug|Any CPU.Build.0 = Debug|Any CPU
		{765C34AA-B499-4861-BE6E-6580041C97EF}.Release|Any CPU.ActiveCfg = Release|Any CPU
		{765C34AA-B499-4861-BE6E-6580041C97EF}.Release|Any CPU.Build.0 = Release|Any CPU
		{2C53316D-7B25-4EE2-8F56-553B8B9AC160}.Debug|Any CPU.ActiveCfg = Debug|Any CPU
		{2C53316D-7B25-4EE2-8F56-553B8B9AC160}.Debug|Any CPU.Build.0 = Debug|Any CPU
		{2C53316D-7B25-4EE2-8F56-553B8B9AC160}.Release|Any CPU.ActiveCfg = Release|Any CPU
		{2C53316D-7B25-4EE2-8F56-553B8B9AC160}.Release|Any CPU.Build.0 = Release|Any CPU
		{DC4C5B2A-F5B4-41D9-A227-879240A2B0CB}.Debug|Any CPU.ActiveCfg = Debug|Any CPU
		{DC4C5B2A-F5B4-41D9-A227-879240A2B0CB}.Debug|Any CPU.Build.0 = Debug|Any CPU
		{DC4C5B2A-F5B4-41D9-A227-879240A2B0CB}.Release|Any CPU.ActiveCfg = Release|Any CPU
		{DC4C5B2A-F5B4-41D9-A227-879240A2B0CB}.Release|Any CPU.Build.0 = Release|Any CPU
		{3690514B-616A-4013-9123-E26175A9AA40}.Debug|Any CPU.ActiveCfg = Debug|Any CPU
		{3690514B-616A-4013-9123-E26175A9AA40}.Debug|Any CPU.Build.0 = Debug|Any CPU
		{3690514B-616A-4013-9123-E26175A9AA40}.Release|Any CPU.ActiveCfg = Release|Any CPU
		{3690514B-616A-4013-9123-E26175A9AA40}.Release|Any CPU.Build.0 = Release|Any CPU
		{980F82B6-5570-4135-971C-480C3F3B0BFF}.Debug|Any CPU.ActiveCfg = Debug|Any CPU
		{980F82B6-5570-4135-971C-480C3F3B0BFF}.Debug|Any CPU.Build.0 = Debug|Any CPU
		{980F82B6-5570-4135-971C-480C3F3B0BFF}.Release|Any CPU.ActiveCfg = Release|Any CPU
		{980F82B6-5570-4135-971C-480C3F3B0BFF}.Release|Any CPU.Build.0 = Release|Any CPU
		{0FAE23FE-5A28-4B5D-9C39-473F8C46CBA7}.Debug|Any CPU.ActiveCfg = Debug|Any CPU
		{0FAE23FE-5A28-4B5D-9C39-473F8C46CBA7}.Debug|Any CPU.Build.0 = Debug|Any CPU
		{0FAE23FE-5A28-4B5D-9C39-473F8C46CBA7}.Release|Any CPU.ActiveCfg = Release|Any CPU
		{0FAE23FE-5A28-4B5D-9C39-473F8C46CBA7}.Release|Any CPU.Build.0 = Release|Any CPU
		{FB38203B-5DD3-481F-B61B-777F14544D54}.Debug|Any CPU.ActiveCfg = Debug|Any CPU
		{FB38203B-5DD3-481F-B61B-777F14544D54}.Debug|Any CPU.Build.0 = Debug|Any CPU
		{FB38203B-5DD3-481F-B61B-777F14544D54}.Release|Any CPU.ActiveCfg = Release|Any CPU
		{FB38203B-5DD3-481F-B61B-777F14544D54}.Release|Any CPU.Build.0 = Release|Any CPU
		{0A470103-7013-42B2-9062-BB56842580CC}.Debug|Any CPU.ActiveCfg = Debug|Any CPU
		{0A470103-7013-42B2-9062-BB56842580CC}.Debug|Any CPU.Build.0 = Debug|Any CPU
		{0A470103-7013-42B2-9062-BB56842580CC}.Release|Any CPU.ActiveCfg = Release|Any CPU
		{0A470103-7013-42B2-9062-BB56842580CC}.Release|Any CPU.Build.0 = Release|Any CPU
	EndGlobalSection
	GlobalSection(SolutionProperties) = preSolution
		HideSolutionNode = FALSE
	EndGlobalSection
	GlobalSection(ExtensibilityGlobals) = postSolution
		SolutionGuid = {78FBAB8E-087F-4434-9D34-8CDF9B454035}
	EndGlobalSection
EndGlobal
