
Microsoft Visual Studio Solution File, Format Version 12.00
# Visual Studio Version 17
VisualStudioVersion = 17.2.32526.322
MinimumVisualStudioVersion = 10.0.40219.1
Project("{FAE04EC0-301F-11D3-BF4B-00C04F79EFBC}") = "AppNet.Domain", "AppNet.Domain\AppNet.Domain.csproj", "{49128857-C189-49AF-8941-07C8F56A27CC}"
EndProject
Project("{FAE04EC0-301F-11D3-BF4B-00C04F79EFBC}") = "AppNet.Application", "AppNet.Application\AppNet.Application.csproj", "{16DF1E8D-16ED-44D1-97DD-633B26170A27}"
EndProject
Project("{FAE04EC0-301F-11D3-BF4B-00C04F79EFBC}") = "AppNet.Infrastructer.Persistence", "AppNet.Infrastructer.Persistence\AppNet.Infrastructer.Persistence.csproj", "{FAD7130D-8500-4C69-A646-5467D1CD4DC6}"
EndProject
Project("{FAE04EC0-301F-11D3-BF4B-00C04F79EFBC}") = "AppNet.Infrastructer.Logging", "AppNet.Infrastructer.Logging\AppNet.Infrastructer.Logging.csproj", "{FEED2017-393A-47F9-B3A4-6388A55D1165}"
EndProject
Project("{FAE04EC0-301F-11D3-BF4B-00C04F79EFBC}") = "AppNet.Infrastructer.Notification", "AppNet.Infrastructer.Notification\AppNet.Infrastructer.Notification.csproj", "{43075E22-CFCF-4259-813F-BB8A32795C50}"
EndProject
Project("{FAE04EC0-301F-11D3-BF4B-00C04F79EFBC}") = "AppNet.WinFormUI", "AppNet.WinFormUI\AppNet.WinFormUI.csproj", "{765C34AA-B499-4861-BE6E-6580041C97EF}"
EndProject
Global
	GlobalSection(SolutionConfigurationPlatforms) = preSolution
		Debug|Any CPU = Debug|Any CPU
		Release|Any CPU = Release|Any CPU
	EndGlobalSection
	GlobalSection(ProjectConfigurationPlatforms) = postSolution
		{49128857-C189-49AF-8941-07C8F56A27CC}.Debug|Any CPU.ActiveCfg = Debug|Any CPU
		{49128857-C189-49AF-8941-07C8F56A27CC}.Debug|Any CPU.Build.0 = Debug|Any CPU
		{49128857-C189-49AF-8941-07C8F56A27CC}.Release|Any CPU.ActiveCfg = Release|Any CPU
		{49128857-C189-49AF-8941-07C8F56A27CC}.Release|Any CPU.Build.0 = Release|Any CPU
		{16DF1E8D-16ED-44D1-97DD-633B26170A27}.Debug|Any CPU.ActiveCfg = Debug|Any CPU
		{16DF1E8D-16ED-44D1-97DD-633B26170A27}.Debug|Any CPU.Build.0 = Debug|Any CPU
		{16DF1E8D-16ED-44D1-97DD-633B26170A27}.Release|Any CPU.ActiveCfg = Release|Any CPU
		{16DF1E8D-16ED-44D1-97DD-633B26170A27}.Release|Any CPU.Build.0 = Release|Any CPU
		{FAD7130D-8500-4C69-A646-5467D1CD4DC6}.Debug|Any CPU.ActiveCfg = Debug|Any CPU
		{FAD7130D-8500-4C69-A646-5467D1CD4DC6}.Debug|Any CPU.Build.0 = Debug|Any CPU
		{FAD7130D-8500-4C69-A646-5467D1CD4DC6}.Release|Any CPU.ActiveCfg = Release|Any CPU
		{FAD7130D-8500-4C69-A646-5467D1CD4DC6}.Release|Any CPU.Build.0 = Release|Any CPU
		{FEED2017-393A-47F9-B3A4-6388A55D1165}.Debug|Any CPU.ActiveCfg = Debug|Any CPU
		{FEED2017-393A-47F9-B3A4-6388A55D1165}.Debug|Any CPU.Build.0 = Debug|Any CPU
		{FEED2017-393A-47F9-B3A4-6388A55D1165}.Release|Any CPU.ActiveCfg = Release|Any CPU
		{FEED2017-393A-47F9-B3A4-6388A55D1165}.Release|Any CPU.Build.0 = Release|Any CPU
		{43075E22-CFCF-4259-813F-BB8A32795C50}.Debug|Any CPU.ActiveCfg = Debug|Any CPU
		{43075E22-CFCF-4259-813F-BB8A32795C50}.Debug|Any CPU.Build.0 = Debug|Any CPU
		{43075E22-CFCF-4259-813F-BB8A32795C50}.Release|Any CPU.ActiveCfg = Release|Any CPU
		{43075E22-CFCF-4259-813F-BB8A32795C50}.Release|Any CPU.Build.0 = Release|Any CPU
		{765C34AA-B499-4861-BE6E-6580041C97EF}.Debug|Any CPU.ActiveCfg = Debug|Any CPU
		{765C34AA-B499-4861-BE6E-6580041C97EF}.Debug|Any CPU.Build.0 = Debug|Any CPU
		{765C34AA-B499-4861-BE6E-6580041C97EF}.Release|Any CPU.ActiveCfg = Release|Any CPU
		{765C34AA-B499-4861-BE6E-6580041C97EF}.Release|Any CPU.Build.0 = Release|Any CPU
	EndGlobalSection
	GlobalSection(SolutionProperties) = preSolution
		HideSolutionNode = FALSE
	EndGlobalSection
	GlobalSection(ExtensibilityGlobals) = postSolution
		SolutionGuid = {78FBAB8E-087F-4434-9D34-8CDF9B454035}
	EndGlobalSection
EndGlobal
